{
  "name": "flatlist-dependencies",
  "version": "1.0.0",
  "lockfileVersion": 3,
  "requires": true,
  "packages": {
    "": {
      "name": "flatlist-dependencies",
      "version": "1.0.0",
      "license": "ISC",
      "dependencies": {
        "async": "3.2.7",
        "debounce": "2.2.0",
        "moment": "2.30.1",
        "shorten-hexdcolor": "0.2.1",
        "test3": "file:a4241df0-110a-4fc1-a55e-07dd7464465fv3.0.0.tar.gz"
      }
    },
    "node_modules/async": {
      "version": "3.2.7",
      "resolved": "file:429d921e-2281-44b2-9834-0e5b86841855v3.2.7.tar.gz",
      "integrity": "sha512-lWSE6u0slav9v9sXOiPmxg9g+xH1U7t1FXGILXC7FtmrfyVH1HmNtin0eXg9UeiSnY6m2fWSJTHeWTa0yXzKQA==",
      "license": "MIT"
    },
    "node_modules/debounce": {
      "version": "2.2.0",
      "resolved": "file:72563993-f8e5-4a54-8fe9-3569d33eef97v2.2.0.tar.gz",
      "integrity": "sha512-KQmhphFAFxtsFMZvh7oUzEUf+Sx6XQPUeOchmt4ENOqNlfjIECMHLVnWvZJiV2RCSonwYR8/eo+vMWMqtVSnvw==",
      "license": "MIT",
      "engines": {
        "node": ">=18"
      },
      "funding": {
        "url": "https://github.com/sponsors/sindresorhus"
      }
    },
    "node_modules/lodash": {
      "version": "4.17.21",
      "resolved": "https://registry.npmjs.org/lodash/-/lodash-4.17.21.tgz",
      "integrity": "sha512-v2kDEe57lecTulaDIuNTPy3Ry4gLGJ6Z1O3vE1krgXZNrsQ+LFTGHVxVjcXPs17LhbZVGedAJv8XZ1tvj5FvSg==",
      "license": "MIT"
    },
    "node_modules/moment": {
      "version": "2.30.1",
      "resolved": "file:6be63808-e79f-4f48-a434-6713a2e588162.31.0.tar.gz",
      "integrity": "sha512-/v9nDWW1R6hs8mHgmoZSP44QD7JkXXDTvMV7CEATNLR1aw57p3YC+cvkeKsJsBlknvepaeEYh1UoIlwaUIM1xg==",
      "license": "MIT",
      "engines": {
        "node": "*"
      }
    },
    "node_modules/shorten-hexdcolor": {
      "version": "0.2.1",
      "resolved": "file:62339684-4a29-46a6-954e-2729580f37dbshorten-hexdcolor-1.0.0.tar.gz",
      "integrity": "sha512-PsmyXabLJ3IpxRAmoA8AslamH6UuNOVcNnt2PHPw3FpQF+3AUC3GXDgt4Tkb3f3FP5qrTvB61oM5iscx1hSR1A==",
      "license": "MIT"
    },
    "node_modules/test3": {
      "version": "1.0.0",
      "resolved": "file:a4241df0-110a-4fc1-a55e-07dd7464465fv3.0.0.tar.gz",
      "integrity": "sha512-ko5fuE/NAavvVMA5jXdueUjkPQVBU3E9Uxf37kivaInm30vfOAG9C/W7YXypxNBQ8biX0RSS95yjy54IaYULfg==",
      "license": "ISC",
      "dependencies": {
        "async": "3.2.7",
        "lodash": "^4.17.21",
        "moment": "2.30.1"
      }
    }
  }
}
